// !$*UTF8*$!
{
	archiveVersion = 1;
	classes = {
	};
	objectVersion = 50;
	objects = {

/* Begin PBXBuildFile section */
		F69F87E621B77F850070728A /* AppDelegate.swift in Sources */ = {isa = PBXBuildFile; fileRef = F69F87E521B77F850070728A /* AppDelegate.swift */; };
		F69F87E821B77F860070728A /* ViewController.swift in Sources */ = {isa = PBXBuildFile; fileRef = F69F87E721B77F860070728A /* ViewController.swift */; };
		F69F87EB21B77F860070728A /* Main.storyboard in Resources */ = {isa = PBXBuildFile; fileRef = F69F87E921B77F860070728A /* Main.storyboard */; };
		F69F87EE21B77F860070728A /* ipas.xcdatamodeld in Sources */ = {isa = PBXBuildFile; fileRef = F69F87EC21B77F860070728A /* ipas.xcdatamodeld */; };
		F69F87F021B77F870070728A /* Assets.xcassets in Resources */ = {isa = PBXBuildFile; fileRef = F69F87EF21B77F870070728A /* Assets.xcassets */; };
		F69F87F321B77F870070728A /* LaunchScreen.storyboard in Resources */ = {isa = PBXBuildFile; fileRef = F69F87F121B77F870070728A /* LaunchScreen.storyboard */; };
/* End PBXBuildFile section */

/* Begin PBXFileReference section */
		F69F87E221B77F850070728A /* ipas.app */ = {isa = PBXFileReference; explicitFileType = wrapper.application; includeInIndex = 0; path = ipas.app; sourceTree = BUILT_PRODUCTS_DIR; };
		F69F87E521B77F850070728A /* AppDelegate.swift */ = {isa = PBXFileReference; lastKnownFileType = sourcecode.swift; path = AppDelegate.swift; sourceTree = "<group>"; };
		F69F87E721B77F860070728A /* ViewController.swift */ = {isa = PBXFileReference; lastKnownFileType = sourcecode.swift; path = ViewController.swift; sourceTree = "<group>"; };
		F69F87EA21B77F860070728A /* Base */ = {isa = PBXFileReference; lastKnownFileType = file.storyboard; name = Base; path = Base.lproj/Main.storyboard; sourceTree = "<group>"; };
		F69F87ED21B77F860070728A /* ipas.xcdatamodel */ = {isa = PBXFileReference; lastKnownFileType = wrapper.xcdatamodel; path = ipas.xcdatamodel; sourceTree = "<group>"; };
		F69F87EF21B77F870070728A /* Assets.xcassets */ = {isa = PBXFileReference; lastKnownFileType = folder.assetcatalog; path = Assets.xcassets; sourceTree = "<group>"; };
		F69F87F221B77F870070728A /* Base */ = {isa = PBXFileReference; lastKnownFileType = file.storyboard; name = Base; path = Base.lproj/LaunchScreen.storyboard; sourceTree = "<group>"; };
		F69F87F421B77F870070728A /* Info.plist */ = {isa = PBXFileReference; lastKnownFileType = text.plist.xml; path = Info.plist; sourceTree = "<group>"; };
/* End PBXFileReference section */

/* Begin PBXFrameworksBuildPhase section */
		F69F87DF21B77F850070728A /* Frameworks */ = {
			isa = PBXFrameworksBuildPhase;
			buildActionMask = 2147483647;
			files = (
			);
			runOnlyForDeploymentPostprocessing = 0;
		};
/* End PBXFrameworksBuildPhase section */

/* Begin PBXGroup section */
		F69F87D921B77F850070728A = {
			isa = PBXGroup;
			children = (
				F69F87E421B77F850070728A /* ipas */,
				F69F87E321B77F850070728A /* Products */,
			);
			sourceTree = "<group>";
		};
		F69F87E321B77F850070728A /* Products */ = {
			isa = PBXGroup;
			children = (
				F69F87E221B77F850070728A /* ipas.app */,
			);
			name = Products;
			sourceTree = "<group>";
		};
		F69F87E421B77F850070728A /* ipas */ = {
			isa = PBXGroup;
			children = (
				F69F87E521B77F850070728A /* AppDelegate.swift */,
				F69F87E721B77F860070728A /* ViewController.swift */,
				F69F87E921B77F860070728A /* Main.storyboard */,
				F69F87EF21B77F870070728A /* Assets.xcassets */,
				F69F87F121B77F870070728A /* LaunchScreen.storyboard */,
				F69F87F421B77F870070728A /* Info.plist */,
				F69F87EC21B77F860070728A /* ipas.xcdatamodeld */,
			);
			path = ipas;
			sourceTree = "<group>";
		};
/* End PBXGroup section */

/* Begin PBXNativeTarget section */
		F69F87E121B77F850070728A /* ipas */ = {
			isa = PBXNativeTarget;
			buildConfigurationList = F69F87F721B77F870070728A /* Build configuration list for PBXNativeTarget "ipas" */;
			buildPhases = (
				F69F87DE21B77F850070728A /* Sources */,
				F69F87DF21B77F850070728A /* Frameworks */,
				F69F87E021B77F850070728A /* Resources */,
			);
			buildRules = (
			);
			dependencies = (
			);
			name = ipas;
			productName = ipas;
			productReference = F69F87E221B77F850070728A /* ipas.app */;
			productType = "com.apple.product-type.application";
		};
/* End PBXNativeTarget section */

/* Begin PBXProject section */
		F69F87DA21B77F850070728A /* Project object */ = {
			isa = PBXProject;
			attributes = {
				LastSwiftUpdateCheck = 1010;
				LastUpgradeCheck = 1010;
				ORGANIZATIONNAME = "韋儒朱";
				TargetAttributes = {
					F69F87E121B77F850070728A = {
						CreatedOnToolsVersion = 10.1;
					};
				};
			};
			buildConfigurationList = F69F87DD21B77F850070728A /* Build configuration list for PBXProject "ipas" */;
			compatibilityVersion = "Xcode 9.3";
			developmentRegion = en;
			hasScannedForEncodings = 0;
			knownRegions = (
				en,
				Base,
			);
			mainGroup = F69F87D921B77F850070728A;
			productRefGroup = F69F87E321B77F850070728A /* Products */;
			projectDirPath = "";
			projectRoot = "";
			targets = (
				F69F87E121B77F850070728A /* ipas */,
			);
		};
/* End PBXProject section */

/* Begin PBXResourcesBuildPhase section */
		F69F87E021B77F850070728A /* Resources */ = {
			isa = PBXResourcesBuildPhase;
			buildActionMask = 2147483647;
			files = (
				F69F87F321B77F870070728A /* LaunchScreen.storyboard in Resources */,
				F69F87F021B77F870070728A /* Assets.xcassets in Resources */,
				F69F87EB21B77F860070728A /* Main.storyboard in Resources */,
			);
			runOnlyForDeploymentPostprocessing = 0;
		};
/* End PBXResourcesBuildPhase section */

/* Begin PBXSourcesBuildPhase section */
		F69F87DE21B77F850070728A /* Sources */ = {
			isa = PBXSourcesBuildPhase;
			buildActionMask = 2147483647;
			files = (
				F69F87E821B77F860070728A /* ViewController.swift in Sources */,
				F69F87E621B77F850070728A /* AppDelegate.swift in Sources */,
				F69F87EE21B77F860070728A /* ipas.xcdatamodeld in Sources */,
			);
			runOnlyForDeploymentPostprocessing = 0;
		};
/* End PBXSourcesBuildPhase section */

/* Begin PBXVariantGroup section */
		F69F87E921B77F860070728A /* Main.storyboard */ = {
			isa = PBXVariantGroup;
			children = (
				F69F87EA21B77F860070728A /* Base */,
			);
			name = Main.storyboard;
			sourceTree = "<group>";
		};
		F69F87F121B77F870070728A /* LaunchScreen.storyboard */ = {
			isa = PBXVariantGroup;
			children = (
				F69F87F221B77F870070728A /* Base */,
			);
			name = LaunchScreen.storyboard;
			sourceTree = "<group>";
		};
/* End PBXVariantGroup section */

/* Begin XCBuildConfiguration section */
		F69F87F521B77F870070728A /* Debug */ = {
			isa = XCBuildConfiguration;
			buildSettings = {
				ALWAYS_SEARCH_USER_PATHS = NO;
				CLANG_ANALYZER_NONNULL = YES;
				CLANG_ANALYZER_NUMBER_OBJECT_CONVERSION = YES_AGGRESSIVE;
				CLANG_CXX_LANGUAGE_STANDARD = "gnu++14";
				CLANG_CXX_LIBRARY = "libc++";
				CLANG_ENABLE_MODULES = YES;
				CLANG_ENABLE_OBJC_ARC = YES;
				CLANG_ENABLE_OBJC_WEAK = YES;
				CLANG_WARN_BLOCK_CAPTURE_AUTORELEASING = YES;
				CLANG_WARN_BOOL_CONVERSION = YES;
				CLANG_WARN_COMMA = YES;
				CLANG_WARN_CONSTANT_CONVERSION = YES;
				CLANG_WARN_DEPRECATED_OBJC_IMPLEMENTATIONS = YES;
				CLANG_WARN_DIRECT_OBJC_ISA_USAGE = YES_ERROR;
				CLANG_WARN_DOCUMENTATION_COMMENTS = YES;
				CLANG_WARN_EMPTY_BODY = YES;
				CLANG_WARN_ENUM_CONVERSION = YES;
				CLANG_WARN_INFINITE_RECURSION = YES;
				CLANG_WARN_INT_CONVERSION = YES;
				CLANG_WARN_NON_LITERAL_NULL_CONVERSION = YES;
				CLANG_WARN_OBJC_IMPLICIT_RETAIN_SELF = YES;
				CLANG_WARN_OBJC_LITERAL_CONVERSION = YES;
				CLANG_WARN_OBJC_ROOT_CLASS = YES_ERROR;
				CLANG_WARN_RANGE_LOOP_ANALYSIS = YES;
				CLANG_WARN_STRICT_PROTOTYPES = YES;
				CLANG_WARN_SUSPICIOUS_MOVE = YES;
				CLANG_WARN_UNGUARDED_AVAILABILITY = YES_AGGRESSIVE;
				CLANG_WARN_UNREACHABLE_CODE = YES;
				CLANG_WARN__DUPLICATE_METHOD_MATCH = YES;
				CODE_SIGN_IDENTITY = "iPhone Developer";
				COPY_PHASE_STRIP = NO;
				DEBUG_INFORMATION_FORMAT = dwarf;
				ENABLE_STRICT_OBJC_MSGSEND = YES;
				ENABLE_TESTABILITY = YES;
				GCC_C_LANGUAGE_STANDARD = gnu11;
				GCC_DYNAMIC_NO_PIC = NO;
				GCC_NO_COMMON_BLOCKS = YES;
				GCC_OPTIMIZATION_LEVEL = 0;
				GCC_PREPROCESSOR_DEFINITIONS = (
					"DEBUG=1",
					"$(inherited)",
				);
				GCC_WARN_64_TO_32_BIT_CONVERSION = YES;
				GCC_WARN_ABOUT_RETURN_TYPE = YES_ERROR;
				GCC_WARN_UNDECLARED_SELECTOR = YES;
				GCC_WARN_UNINITIALIZED_AUTOS = YES_AGGRESSIVE;
				GCC_WARN_UNUSED_FUNCTION = YES;
				GCC_WARN_UNUSED_VARIABLE = YES;
				IPHONEOS_DEPLOYMENT_TARGET = 12.1;
				MTL_ENABLE_DEBUG_INFO = INCLUDE_SOURCE;
				MTL_FAST_MATH = YES;
				ONLY_ACTIVE_ARCH = YES;
				SDKROOT = iphoneos;
				SWIFT_ACTIVE_COMPILATION_CONDITIONS = DEBUG;
				SWIFT_OPTIMIZATION_LEVEL = "-Onone";
			};
			name = Debug;
		};
		F69F87F621B77F870070728A /* Release */ = {
			isa = XCBuildConfiguration;
			buildSettings = {
				ALWAYS_SEARCH_USER_PATHS = NO;
				CLANG_ANALYZER_NONNULL = YES;
				CLANG_ANALYZER_NUMBER_OBJECT_CONVERSION = YES_AGGRESSIVE;
				CLANG_CXX_LANGUAGE_STANDARD = "gnu++14";
				CLANG_CXX_LIBRARY = "libc++";
				CLANG_ENABLE_MODULES = YES;
				CLANG_ENABLE_OBJC_ARC = YES;
				CLANG_ENABLE_OBJC_WEAK = YES;
				CLANG_WARN_BLOCK_CAPTURE_AUTORELEASING = YES;
				CLANG_WARN_BOOL_CONVERSION = YES;
				CLANG_WARN_COMMA = YES;
				CLANG_WARN_CONSTANT_CONVERSION = YES;
				CLANG_WARN_DEPRECATED_OBJC_IMPLEMENTATIONS = YES;
				CLANG_WARN_DIRECT_OBJC_ISA_USAGE = YES_ERROR;
				CLANG_WARN_DOCUMENTATION_COMMENTS = YES;
				CLANG_WARN_EMPTY_BODY = YES;
				CLANG_WARN_ENUM_CONVERSION = YES;
				CLANG_WARN_INFINITE_RECURSION = YES;
				CLANG_WARN_INT_CONVERSION = YES;
				CLANG_WARN_NON_LITERAL_NULL_CONVERSION = YES;
				CLANG_WARN_OBJC_IMPLICIT_RETAIN_SELF = YES;
				CLANG_WARN_OBJC_LITERAL_CONVERSION = YES;
				CLANG_WARN_OBJC_ROOT_CLASS = YES_ERROR;
				CLANG_WARN_RANGE_LOOP_ANALYSIS = YES;
				CLANG_WARN_STRICT_PROTOTYPES = YES;
				CLANG_WARN_SUSPICIOUS_MOVE = YES;
				CLANG_WARN_UNGUARDED_AVAILABILITY = YES_AGGRESSIVE;
				CLANG_WARN_UNREACHABLE_CODE = YES;
				CLANG_WARN__DUPLICATE_METHOD_MATCH = YES;
				CODE_SIGN_IDENTITY = "iPhone Developer";
				COPY_PHASE_STRIP = NO;
				DEBUG_INFORMATION_FORMAT = "dwarf-with-dsym";
				ENABLE_NS_ASSERTIONS = NO;
				ENABLE_STRICT_OBJC_MSGSEND = YES;
				GCC_C_LANGUAGE_STANDARD = gnu11;
				GCC_NO_COMMON_BLOCKS = YES;
				GCC_WARN_64_TO_32_BIT_CONVERSION = YES;
				GCC_WARN_ABOUT_RETURN_TYPE = YES_ERROR;
				GCC_WARN_UNDECLARED_SELECTOR = YES;
				GCC_WARN_UNINITIALIZED_AUTOS = YES_AGGRESSIVE;
				GCC_WARN_UNUSED_FUNCTION = YES;
				GCC_WARN_UNUSED_VARIABLE = YES;
				IPHONEOS_DEPLOYMENT_TARGET = 12.1;
				MTL_ENABLE_DEBUG_INFO = NO;
				MTL_FAST_MATH = YES;
				SDKROOT = iphoneos;
				SWIFT_COMPILATION_MODE = wholemodule;
				SWIFT_OPTIMIZATION_LEVEL = "-O";
				VALIDATE_PRODUCT = YES;
			};
			name = Release;
		};
		F69F87F821B77F870070728A /* Debug */ = {
			isa = XCBuildConfiguration;
			buildSettings = {
				ASSETCATALOG_COMPILER_APPICON_NAME = AppIcon;
				CODE_SIGN_STYLE = Automatic;
				DEVELOPMENT_TEAM = Z7M24S6N56;
				INFOPLIST_FILE = ipas/Info.plist;
				LD_RUNPATH_SEARCH_PATHS = (
					"$(inherited)",
					"@executable_path/Frameworks",
				);
				PRODUCT_BUNDLE_IDENTIFIER = com.james.ipas;
				PRODUCT_NAME = "$(TARGET_NAME)";
				SWIFT_VERSION = 4.2;
				TARGETED_DEVICE_FAMILY = "1,2";
			};
			name = Debug;
		};
		F69F87F921B77F870070728A /* Release */ = {
			isa = XCBuildConfiguration;
			buildSettings = {
				ASSETCATALOG_COMPILER_APPICON_NAME = AppIcon;
				CODE_SIGN_STYLE = Automatic;
				DEVELOPMENT_TEAM = Z7M24S6N56;
				INFOPLIST_FILE = ipas/Info.plist;
				LD_RUNPATH_SEARCH_PATHS = (
					"$(inherited)",
					"@executable_path/Frameworks",
				);
				PRODUCT_BUNDLE_IDENTIFIER = com.james.ipas;
				PRODUCT_NAME = "$(TARGET_NAME)";
				SWIFT_VERSION = 4.2;
				TARGETED_DEVICE_FAMILY = "1,2";
			};
			name = Release;
		};
/* End XCBuildConfiguration section */

/* Begin XCConfigurationList section */
		F69F87DD21B77F850070728A /* Build configuration list for PBXProject "ipas" */ = {
			isa = XCConfigurationList;
			buildConfigurations = (
				F69F87F521B77F870070728A /* Debug */,
				F69F87F621B77F870070728A /* Release */,
			);
			defaultConfigurationIsVisible = 0;
			defaultConfigurationName = Release;
		};
		F69F87F721B77F870070728A /* Build configuration list for PBXNativeTarget "ipas" */ = {
			isa = XCConfigurationList;
			buildConfigurations = (
				F69F87F821B77F870070728A /* Debug */,
				F69F87F921B77F870070728A /* Release */,
			);
			defaultConfigurationIsVisible = 0;
			defaultConfigurationName = Release;
		};
/* End XCConfigurationList section */

/* Begin XCVersionGroup section */
		F69F87EC21B77F860070728A /* ipas.xcdatamodeld */ = {
			isa = XCVersionGroup;
			children = (
				F69F87ED21B77F860070728A /* ipas.xcdatamodel */,
			);
			currentVersion = F69F87ED21B77F860070728A /* ipas.xcdatamodel */;
			path = ipas.xcdatamodeld;
			sourceTree = "<group>";
			versionGroupType = wrapper.xcdatamodel;
		};
/* End XCVersionGroup section */
	};
	rootObject = F69F87DA21B77F850070728A /* Project object */;
}
